// !$*UTF8*$!
{
	archiveVersion = 1;
	classes = {
	};
	objectVersion = 46;
	objects = {

/* Begin PBXBuildFile section */
		18226CB81D7E8CA400234092 /* FirstViewController.m in Sources */ = {isa = PBXBuildFile; fileRef = 18226CB71D7E8CA400234092 /* FirstViewController.m */; };
		18226CBE1D7E8CF500234092 /* LeftMenuViewController.m in Sources */ = {isa = PBXBuildFile; fileRef = 18226CBD1D7E8CF500234092 /* LeftMenuViewController.m */; };
		18226CC11D7E8D1700234092 /* SecondViewController.m in Sources */ = {isa = PBXBuildFile; fileRef = 18226CC01D7E8D1700234092 /* SecondViewController.m */; };
		18226CC41D7EB4A600234092 /* ThirdViewController.m in Sources */ = {isa = PBXBuildFile; fileRef = 18226CC31D7EB4A600234092 /* ThirdViewController.m */; };
		18226CC71D7EC86E00234092 /* FourthViewController.m in Sources */ = {isa = PBXBuildFile; fileRef = 18226CC61D7EC86E00234092 /* FourthViewController.m */; };
		18226CC91D7ED55E00234092 /* FirstViewController.xib in Resources */ = {isa = PBXBuildFile; fileRef = 18226CC81D7ED55E00234092 /* FirstViewController.xib */; };
		186324FA1D8FE0D800BDA274 /* LXDScanCodeController.m in Sources */ = {isa = PBXBuildFile; fileRef = 186324F71D8FE0D800BDA274 /* LXDScanCodeController.m */; };
		186324FB1D8FE0D800BDA274 /* LXDScanView.m in Sources */ = {isa = PBXBuildFile; fileRef = 186324F91D8FE0D800BDA274 /* LXDScanView.m */; };
		186324FF1D9019E400BDA274 /* LoginVC.m in Sources */ = {isa = PBXBuildFile; fileRef = 186324FD1D9019E400BDA274 /* LoginVC.m */; };
		186325001D9019E400BDA274 /* LoginVC.xib in Resources */ = {isa = PBXBuildFile; fileRef = 186324FE1D9019E400BDA274 /* LoginVC.xib */; };
		186325041D9019FA00BDA274 /* RegisterVC.m in Sources */ = {isa = PBXBuildFile; fileRef = 186325021D9019FA00BDA274 /* RegisterVC.m */; };
		186325051D9019FA00BDA274 /* RegisterVC.xib in Resources */ = {isa = PBXBuildFile; fileRef = 186325031D9019FA00BDA274 /* RegisterVC.xib */; };
		186325091D901A1700BDA274 /* ForgetPwdVC.m in Sources */ = {isa = PBXBuildFile; fileRef = 186325071D901A1700BDA274 /* ForgetPwdVC.m */; };
		1863250A1D901A1700BDA274 /* ForgetPwdVC.xib in Resources */ = {isa = PBXBuildFile; fileRef = 186325081D901A1700BDA274 /* ForgetPwdVC.xib */; };
		188B8B5B1D884F0200A45DC1 /* GLButton.m in Sources */ = {isa = PBXBuildFile; fileRef = 188B8B5A1D884F0200A45DC1 /* GLButton.m */; };
		188F2F3B1D8EA35700F17DC7 /* GLWhiteButton.m in Sources */ = {isa = PBXBuildFile; fileRef = 188F2F3A1D8EA35700F17DC7 /* GLWhiteButton.m */; };
		188F2F3E1D8EA81F00F17DC7 /* GLtextField.m in Sources */ = {isa = PBXBuildFile; fileRef = 188F2F3D1D8EA81F00F17DC7 /* GLtextField.m */; };
		18911A5A1D8E764A00643CEE /* AddCameraViewController.m in Sources */ = {isa = PBXBuildFile; fileRef = 18911A581D8E764A00643CEE /* AddCameraViewController.m */; };
		18911A5B1D8E764A00643CEE /* AddCameraViewController.xib in Resources */ = {isa = PBXBuildFile; fileRef = 18911A591D8E764A00643CEE /* AddCameraViewController.xib */; };
		18C80A381D7F0A7000867E39 /* SecondViewController.xib in Resources */ = {isa = PBXBuildFile; fileRef = 18C80A371D7F0A7000867E39 /* SecondViewController.xib */; };
		18C80A3A1D7F112B00867E39 /* FourthViewController.xib in Resources */ = {isa = PBXBuildFile; fileRef = 18C80A391D7F112B00867E39 /* FourthViewController.xib */; };
		18C80A3C1D7F115900867E39 /* ThirdViewController.xib in Resources */ = {isa = PBXBuildFile; fileRef = 18C80A3B1D7F115900867E39 /* ThirdViewController.xib */; };
		18DDA16C1D855E7A00066A7D /* HomeViewController.m in Sources */ = {isa = PBXBuildFile; fileRef = 18DDA16A1D855E7A00066A7D /* HomeViewController.m */; };
		18DDA2071D85BEAF00066A7D /* UIButton+Extension.m in Sources */ = {isa = PBXBuildFile; fileRef = 18DDA1F41D85BEAF00066A7D /* UIButton+Extension.m */; };
		18DDA2081D85BEAF00066A7D /* UIImageView+Extension.m in Sources */ = {isa = PBXBuildFile; fileRef = 18DDA1F61D85BEAF00066A7D /* UIImageView+Extension.m */; };
		18DDA2091D85BEAF00066A7D /* UILabel+Extension.m in Sources */ = {isa = PBXBuildFile; fileRef = 18DDA1F81D85BEAF00066A7D /* UILabel+Extension.m */; };
		18DDA20A1D85BEAF00066A7D /* UITextField+Extension.m in Sources */ = {isa = PBXBuildFile; fileRef = 18DDA1FA1D85BEAF00066A7D /* UITextField+Extension.m */; };
		18DDA20B1D85BEAF00066A7D /* ForgetPassWordVCNew.m in Sources */ = {isa = PBXBuildFile; fileRef = 18DDA1FD1D85BEAF00066A7D /* ForgetPassWordVCNew.m */; };
		18DDA20C1D85BEAF00066A7D /* LoginVCNew.m in Sources */ = {isa = PBXBuildFile; fileRef = 18DDA1FF1D85BEAF00066A7D /* LoginVCNew.m */; };
		18DDA20D1D85BEAF00066A7D /* RegisterVCNew.m in Sources */ = {isa = PBXBuildFile; fileRef = 18DDA2011D85BEAF00066A7D /* RegisterVCNew.m */; };
		18DDA20E1D85BEAF00066A7D /* FormValidator.m in Sources */ = {isa = PBXBuildFile; fileRef = 18DDA2041D85BEAF00066A7D /* FormValidator.m */; };
		18DDA20F1D85BEAF00066A7D /* SHInvoker.m in Sources */ = {isa = PBXBuildFile; fileRef = 18DDA2061D85BEAF00066A7D /* SHInvoker.m */; };
		18DDA2141D85C9F000066A7D /* LaunchViewController.m in Sources */ = {isa = PBXBuildFile; fileRef = 18DDA2131D85C9F000066A7D /* LaunchViewController.m */; };
		18DDA2181D85CAA400066A7D /* ZLScrolling.m in Sources */ = {isa = PBXBuildFile; fileRef = 18DDA2171D85CAA400066A7D /* ZLScrolling.m */; };
		18EF73C51D7DBCB200115966 /* main.m in Sources */ = {isa = PBXBuildFile; fileRef = 18EF73C41D7DBCB200115966 /* main.m */; };
		18EF73C81D7DBCB200115966 /* AppDelegate.m in Sources */ = {isa = PBXBuildFile; fileRef = 18EF73C71D7DBCB200115966 /* AppDelegate.m */; };
		18EF73D01D7DBCB200115966 /* Assets.xcassets in Resources */ = {isa = PBXBuildFile; fileRef = 18EF73CF1D7DBCB200115966 /* Assets.xcassets */; };
		18EF73DE1D7DBCB200115966 /* WokanZXTests.m in Sources */ = {isa = PBXBuildFile; fileRef = 18EF73DD1D7DBCB200115966 /* WokanZXTests.m */; };
		18EF73E91D7DBCB300115966 /* WokanZXUITests.m in Sources */ = {isa = PBXBuildFile; fileRef = 18EF73E81D7DBCB300115966 /* WokanZXUITests.m */; };
		B2FDFA79362B18A0DD47B39E /* libPods-WokanZX.a in Frameworks */ = {isa = PBXBuildFile; fileRef = 00F487D4E4A4238D82A9A0E9 /* libPods-WokanZX.a */; };
/* End PBXBuildFile section */

/* Begin PBXContainerItemProxy section */
		18EF73DA1D7DBCB200115966 /* PBXContainerItemProxy */ = {
			isa = PBXContainerItemProxy;
			containerPortal = 18EF73B81D7DBCB200115966 /* Project object */;
			proxyType = 1;
			remoteGlobalIDString = 18EF73BF1D7DBCB200115966;
			remoteInfo = WokanZX;
		};
		18EF73E51D7DBCB300115966 /* PBXContainerItemProxy */ = {
			isa = PBXContainerItemProxy;
			containerPortal = 18EF73B81D7DBCB200115966 /* Project object */;
			proxyType = 1;
			remoteGlobalIDString = 18EF73BF1D7DBCB200115966;
			remoteInfo = WokanZX;
		};
/* End PBXContainerItemProxy section */

/* Begin PBXFileReference section */
		00F487D4E4A4238D82A9A0E9 /* libPods-WokanZX.a */ = {isa = PBXFileReference; explicitFileType = archive.ar; includeInIndex = 0; path = "libPods-WokanZX.a"; sourceTree = BUILT_PRODUCTS_DIR; };
		18226CB61D7E8CA400234092 /* FirstViewController.h */ = {isa = PBXFileReference; fileEncoding = 4; lastKnownFileType = sourcecode.c.h; path = FirstViewController.h; sourceTree = "<group>"; };
		18226CB71D7E8CA400234092 /* FirstViewController.m */ = {isa = PBXFileReference; fileEncoding = 4; lastKnownFileType = sourcecode.c.objc; path = FirstViewController.m; sourceTree = "<group>"; };
		18226CBC1D7E8CF500234092 /* LeftMenuViewController.h */ = {isa = PBXFileReference; fileEncoding = 4; lastKnownFileType = sourcecode.c.h; path = LeftMenuViewController.h; sourceTree = "<group>"; };
		18226CBD1D7E8CF500234092 /* LeftMenuViewController.m */ = {isa = PBXFileReference; fileEncoding = 4; lastKnownFileType = sourcecode.c.objc; path = LeftMenuViewController.m; sourceTree = "<group>"; };
		18226CBF1D7E8D1700234092 /* SecondViewController.h */ = {isa = PBXFileReference; fileEncoding = 4; lastKnownFileType = sourcecode.c.h; path = SecondViewController.h; sourceTree = "<group>"; };
		18226CC01D7E8D1700234092 /* SecondViewController.m */ = {isa = PBXFileReference; fileEncoding = 4; lastKnownFileType = sourcecode.c.objc; path = SecondViewController.m; sourceTree = "<group>"; };
		18226CC21D7EB4A600234092 /* ThirdViewController.h */ = {isa = PBXFileReference; fileEncoding = 4; lastKnownFileType = sourcecode.c.h; path = ThirdViewController.h; sourceTree = "<group>"; };
		18226CC31D7EB4A600234092 /* ThirdViewController.m */ = {isa = PBXFileReference; fileEncoding = 4; lastKnownFileType = sourcecode.c.objc; path = ThirdViewController.m; sourceTree = "<group>"; };
		18226CC51D7EC86E00234092 /* FourthViewController.h */ = {isa = PBXFileReference; fileEncoding = 4; lastKnownFileType = sourcecode.c.h; path = FourthViewController.h; sourceTree = "<group>"; };
		18226CC61D7EC86E00234092 /* FourthViewController.m */ = {isa = PBXFileReference; fileEncoding = 4; lastKnownFileType = sourcecode.c.objc; path = FourthViewController.m; sourceTree = "<group>"; };
		18226CC81D7ED55E00234092 /* FirstViewController.xib */ = {isa = PBXFileReference; fileEncoding = 4; lastKnownFileType = file.xib; path = FirstViewController.xib; sourceTree = "<group>"; };
		186324F61D8FE0D800BDA274 /* LXDScanCodeController.h */ = {isa = PBXFileReference; fileEncoding = 4; lastKnownFileType = sourcecode.c.h; path = LXDScanCodeController.h; sourceTree = "<group>"; };
		186324F71D8FE0D800BDA274 /* LXDScanCodeController.m */ = {isa = PBXFileReference; fileEncoding = 4; lastKnownFileType = sourcecode.c.objc; path = LXDScanCodeController.m; sourceTree = "<group>"; };
		186324F81D8FE0D800BDA274 /* LXDScanView.h */ = {isa = PBXFileReference; fileEncoding = 4; lastKnownFileType = sourcecode.c.h; path = LXDScanView.h; sourceTree = "<group>"; };
		186324F91D8FE0D800BDA274 /* LXDScanView.m */ = {isa = PBXFileReference; fileEncoding = 4; lastKnownFileType = sourcecode.c.objc; path = LXDScanView.m; sourceTree = "<group>"; };
		186324FC1D9019E400BDA274 /* LoginVC.h */ = {isa = PBXFileReference; fileEncoding = 4; lastKnownFileType = sourcecode.c.h; path = LoginVC.h; sourceTree = "<group>"; };
		186324FD1D9019E400BDA274 /* LoginVC.m */ = {isa = PBXFileReference; fileEncoding = 4; lastKnownFileType = sourcecode.c.objc; path = LoginVC.m; sourceTree = "<group>"; };
		186324FE1D9019E400BDA274 /* LoginVC.xib */ = {isa = PBXFileReference; fileEncoding = 4; lastKnownFileType = file.xib; path = LoginVC.xib; sourceTree = "<group>"; };
		186325011D9019FA00BDA274 /* RegisterVC.h */ = {isa = PBXFileReference; fileEncoding = 4; lastKnownFileType = sourcecode.c.h; path = RegisterVC.h; sourceTree = "<group>"; };
		186325021D9019FA00BDA274 /* RegisterVC.m */ = {isa = PBXFileReference; fileEncoding = 4; lastKnownFileType = sourcecode.c.objc; path = RegisterVC.m; sourceTree = "<group>"; };
		186325031D9019FA00BDA274 /* RegisterVC.xib */ = {isa = PBXFileReference; fileEncoding = 4; lastKnownFileType = file.xib; path = RegisterVC.xib; sourceTree = "<group>"; };
		186325061D901A1700BDA274 /* ForgetPwdVC.h */ = {isa = PBXFileReference; fileEncoding = 4; lastKnownFileType = sourcecode.c.h; path = ForgetPwdVC.h; sourceTree = "<group>"; };
		186325071D901A1700BDA274 /* ForgetPwdVC.m */ = {isa = PBXFileReference; fileEncoding = 4; lastKnownFileType = sourcecode.c.objc; path = ForgetPwdVC.m; sourceTree = "<group>"; };
		186325081D901A1700BDA274 /* ForgetPwdVC.xib */ = {isa = PBXFileReference; fileEncoding = 4; lastKnownFileType = file.xib; path = ForgetPwdVC.xib; sourceTree = "<group>"; };
		188B8B591D884F0200A45DC1 /* GLButton.h */ = {isa = PBXFileReference; fileEncoding = 4; lastKnownFileType = sourcecode.c.h; path = GLButton.h; sourceTree = "<group>"; };
		188B8B5A1D884F0200A45DC1 /* GLButton.m */ = {isa = PBXFileReference; fileEncoding = 4; lastKnownFileType = sourcecode.c.objc; path = GLButton.m; sourceTree = "<group>"; };
		188F2F391D8EA35700F17DC7 /* GLWhiteButton.h */ = {isa = PBXFileReference; fileEncoding = 4; lastKnownFileType = sourcecode.c.h; path = GLWhiteButton.h; sourceTree = "<group>"; };
		188F2F3A1D8EA35700F17DC7 /* GLWhiteButton.m */ = {isa = PBXFileReference; fileEncoding = 4; lastKnownFileType = sourcecode.c.objc; path = GLWhiteButton.m; sourceTree = "<group>"; };
		188F2F3C1D8EA81F00F17DC7 /* GLtextField.h */ = {isa = PBXFileReference; fileEncoding = 4; lastKnownFileType = sourcecode.c.h; path = GLtextField.h; sourceTree = "<group>"; };
		188F2F3D1D8EA81F00F17DC7 /* GLtextField.m */ = {isa = PBXFileReference; fileEncoding = 4; lastKnownFileType = sourcecode.c.objc; path = GLtextField.m; sourceTree = "<group>"; };
		18911A571D8E764A00643CEE /* AddCameraViewController.h */ = {isa = PBXFileReference; fileEncoding = 4; lastKnownFileType = sourcecode.c.h; path = AddCameraViewController.h; sourceTree = "<group>"; };
		18911A581D8E764A00643CEE /* AddCameraViewController.m */ = {isa = PBXFileReference; fileEncoding = 4; lastKnownFileType = sourcecode.c.objc; path = AddCameraViewController.m; sourceTree = "<group>"; };
		18911A591D8E764A00643CEE /* AddCameraViewController.xib */ = {isa = PBXFileReference; fileEncoding = 4; lastKnownFileType = file.xib; path = AddCameraViewController.xib; sourceTree = "<group>"; };
		18C80A371D7F0A7000867E39 /* SecondViewController.xib */ = {isa = PBXFileReference; fileEncoding = 4; lastKnownFileType = file.xib; path = SecondViewController.xib; sourceTree = "<group>"; };
		18C80A391D7F112B00867E39 /* FourthViewController.xib */ = {isa = PBXFileReference; fileEncoding = 4; lastKnownFileType = file.xib; path = FourthViewController.xib; sourceTree = "<group>"; };
		18C80A3B1D7F115900867E39 /* ThirdViewController.xib */ = {isa = PBXFileReference; fileEncoding = 4; lastKnownFileType = file.xib; path = ThirdViewController.xib; sourceTree = "<group>"; };
		18DDA1691D855E7A00066A7D /* HomeViewController.h */ = {isa = PBXFileReference; fileEncoding = 4; lastKnownFileType = sourcecode.c.h; path = HomeViewController.h; sourceTree = "<group>"; };
		18DDA16A1D855E7A00066A7D /* HomeViewController.m */ = {isa = PBXFileReference; fileEncoding = 4; lastKnownFileType = sourcecode.c.objc; path = HomeViewController.m; sourceTree = "<group>"; };
		18DDA1F31D85BEAF00066A7D /* UIButton+Extension.h */ = {isa = PBXFileReference; fileEncoding = 4; lastKnownFileType = sourcecode.c.h; path = "UIButton+Extension.h"; sourceTree = "<group>"; };
		18DDA1F41D85BEAF00066A7D /* UIButton+Extension.m */ = {isa = PBXFileReference; fileEncoding = 4; lastKnownFileType = sourcecode.c.objc; path = "UIButton+Extension.m"; sourceTree = "<group>"; };
		18DDA1F51D85BEAF00066A7D /* UIImageView+Extension.h */ = {isa = PBXFileReference; fileEncoding = 4; lastKnownFileType = sourcecode.c.h; path = "UIImageView+Extension.h"; sourceTree = "<group>"; };
		18DDA1F61D85BEAF00066A7D /* UIImageView+Extension.m */ = {isa = PBXFileReference; fileEncoding = 4; lastKnownFileType = sourcecode.c.objc; path = "UIImageView+Extension.m"; sourceTree = "<group>"; };
		18DDA1F71D85BEAF00066A7D /* UILabel+Extension.h */ = {isa = PBXFileReference; fileEncoding = 4; lastKnownFileType = sourcecode.c.h; path = "UILabel+Extension.h"; sourceTree = "<group>"; };
		18DDA1F81D85BEAF00066A7D /* UILabel+Extension.m */ = {isa = PBXFileReference; fileEncoding = 4; lastKnownFileType = sourcecode.c.objc; path = "UILabel+Extension.m"; sourceTree = "<group>"; };
		18DDA1F91D85BEAF00066A7D /* UITextField+Extension.h */ = {isa = PBXFileReference; fileEncoding = 4; lastKnownFileType = sourcecode.c.h; path = "UITextField+Extension.h"; sourceTree = "<group>"; };
		18DDA1FA1D85BEAF00066A7D /* UITextField+Extension.m */ = {isa = PBXFileReference; fileEncoding = 4; lastKnownFileType = sourcecode.c.objc; path = "UITextField+Extension.m"; sourceTree = "<group>"; };
		18DDA1FC1D85BEAF00066A7D /* ForgetPassWordVCNew.h */ = {isa = PBXFileReference; fileEncoding = 4; lastKnownFileType = sourcecode.c.h; path = ForgetPassWordVCNew.h; sourceTree = "<group>"; };
		18DDA1FD1D85BEAF00066A7D /* ForgetPassWordVCNew.m */ = {isa = PBXFileReference; fileEncoding = 4; lastKnownFileType = sourcecode.c.objc; path = ForgetPassWordVCNew.m; sourceTree = "<group>"; };
		18DDA1FE1D85BEAF00066A7D /* LoginVCNew.h */ = {isa = PBXFileReference; fileEncoding = 4; lastKnownFileType = sourcecode.c.h; path = LoginVCNew.h; sourceTree = "<group>"; };
		18DDA1FF1D85BEAF00066A7D /* LoginVCNew.m */ = {isa = PBXFileReference; fileEncoding = 4; lastKnownFileType = sourcecode.c.objc; path = LoginVCNew.m; sourceTree = "<group>"; };
		18DDA2001D85BEAF00066A7D /* RegisterVCNew.h */ = {isa = PBXFileReference; fileEncoding = 4; lastKnownFileType = sourcecode.c.h; path = RegisterVCNew.h; sourceTree = "<group>"; };
		18DDA2011D85BEAF00066A7D /* RegisterVCNew.m */ = {isa = PBXFileReference; fileEncoding = 4; lastKnownFileType = sourcecode.c.objc; path = RegisterVCNew.m; sourceTree = "<group>"; };
		18DDA2031D85BEAF00066A7D /* FormValidator.h */ = {isa = PBXFileReference; fileEncoding = 4; lastKnownFileType = sourcecode.c.h; path = FormValidator.h; sourceTree = "<group>"; };
		18DDA2041D85BEAF00066A7D /* FormValidator.m */ = {isa = PBXFileReference; fileEncoding = 4; lastKnownFileType = sourcecode.c.objc; path = FormValidator.m; sourceTree = "<group>"; };
		18DDA2051D85BEAF00066A7D /* SHInvoker.h */ = {isa = PBXFileReference; fileEncoding = 4; lastKnownFileType = sourcecode.c.h; path = SHInvoker.h; sourceTree = "<group>"; };
		18DDA2061D85BEAF00066A7D /* SHInvoker.m */ = {isa = PBXFileReference; fileEncoding = 4; lastKnownFileType = sourcecode.c.objc; path = SHInvoker.m; sourceTree = "<group>"; };
		18DDA2111D85C00E00066A7D /* PrefixHeader.pch */ = {isa = PBXFileReference; lastKnownFileType = sourcecode.c.h; path = PrefixHeader.pch; sourceTree = "<group>"; };
		18DDA2121D85C9F000066A7D /* LaunchViewController.h */ = {isa = PBXFileReference; fileEncoding = 4; lastKnownFileType = sourcecode.c.h; path = LaunchViewController.h; sourceTree = "<group>"; };
		18DDA2131D85C9F000066A7D /* LaunchViewController.m */ = {isa = PBXFileReference; fileEncoding = 4; lastKnownFileType = sourcecode.c.objc; path = LaunchViewController.m; sourceTree = "<group>"; };
		18DDA2161D85CAA400066A7D /* ZLScrolling.h */ = {isa = PBXFileReference; fileEncoding = 4; lastKnownFileType = sourcecode.c.h; path = ZLScrolling.h; sourceTree = "<group>"; };
		18DDA2171D85CAA400066A7D /* ZLScrolling.m */ = {isa = PBXFileReference; fileEncoding = 4; lastKnownFileType = sourcecode.c.objc; path = ZLScrolling.m; sourceTree = "<group>"; };
		18EF73C01D7DBCB200115966 /* WokanZX.app */ = {isa = PBXFileReference; explicitFileType = wrapper.application; includeInIndex = 0; path = WokanZX.app; sourceTree = BUILT_PRODUCTS_DIR; };
		18EF73C41D7DBCB200115966 /* main.m */ = {isa = PBXFileReference; lastKnownFileType = sourcecode.c.objc; path = main.m; sourceTree = "<group>"; };
		18EF73C61D7DBCB200115966 /* AppDelegate.h */ = {isa = PBXFileReference; lastKnownFileType = sourcecode.c.h; path = AppDelegate.h; sourceTree = "<group>"; };
		18EF73C71D7DBCB200115966 /* AppDelegate.m */ = {isa = PBXFileReference; lastKnownFileType = sourcecode.c.objc; path = AppDelegate.m; sourceTree = "<group>"; };
		18EF73CF1D7DBCB200115966 /* Assets.xcassets */ = {isa = PBXFileReference; lastKnownFileType = folder.assetcatalog; path = Assets.xcassets; sourceTree = "<group>"; };
		18EF73D41D7DBCB200115966 /* Info.plist */ = {isa = PBXFileReference; lastKnownFileType = text.plist.xml; path = Info.plist; sourceTree = "<group>"; };
		18EF73D91D7DBCB200115966 /* WokanZXTests.xctest */ = {isa = PBXFileReference; explicitFileType = wrapper.cfbundle; includeInIndex = 0; path = WokanZXTests.xctest; sourceTree = BUILT_PRODUCTS_DIR; };
		18EF73DD1D7DBCB200115966 /* WokanZXTests.m */ = {isa = PBXFileReference; lastKnownFileType = sourcecode.c.objc; path = WokanZXTests.m; sourceTree = "<group>"; };
		18EF73DF1D7DBCB200115966 /* Info.plist */ = {isa = PBXFileReference; lastKnownFileType = text.plist.xml; path = Info.plist; sourceTree = "<group>"; };
		18EF73E41D7DBCB300115966 /* WokanZXUITests.xctest */ = {isa = PBXFileReference; explicitFileType = wrapper.cfbundle; includeInIndex = 0; path = WokanZXUITests.xctest; sourceTree = BUILT_PRODUCTS_DIR; };
		18EF73E81D7DBCB300115966 /* WokanZXUITests.m */ = {isa = PBXFileReference; lastKnownFileType = sourcecode.c.objc; path = WokanZXUITests.m; sourceTree = "<group>"; };
		18EF73EA1D7DBCB300115966 /* Info.plist */ = {isa = PBXFileReference; lastKnownFileType = text.plist.xml; path = Info.plist; sourceTree = "<group>"; };
		A24C28EC4E1E21651D642658 /* Pods-WokanZX.release.xcconfig */ = {isa = PBXFileReference; includeInIndex = 1; lastKnownFileType = text.xcconfig; name = "Pods-WokanZX.release.xcconfig"; path = "Pods/Target Support Files/Pods-WokanZX/Pods-WokanZX.release.xcconfig"; sourceTree = "<group>"; };
		BBF197D9F55EAC62E7F59F87 /* Pods-WokanZX.debug.xcconfig */ = {isa = PBXFileReference; includeInIndex = 1; lastKnownFileType = text.xcconfig; name = "Pods-WokanZX.debug.xcconfig"; path = "Pods/Target Support Files/Pods-WokanZX/Pods-WokanZX.debug.xcconfig"; sourceTree = "<group>"; };
/* End PBXFileReference section */

/* Begin PBXFrameworksBuildPhase section */
		18EF73BD1D7DBCB200115966 /* Frameworks */ = {
			isa = PBXFrameworksBuildPhase;
			buildActionMask = 2147483647;
			files = (
				B2FDFA79362B18A0DD47B39E /* libPods-WokanZX.a in Frameworks */,
			);
			runOnlyForDeploymentPostprocessing = 0;
		};
		18EF73D61D7DBCB200115966 /* Frameworks */ = {
			isa = PBXFrameworksBuildPhase;
			buildActionMask = 2147483647;
			files = (
			);
			runOnlyForDeploymentPostprocessing = 0;
		};
		18EF73E11D7DBCB300115966 /* Frameworks */ = {
			isa = PBXFrameworksBuildPhase;
			buildActionMask = 2147483647;
			files = (
			);
			runOnlyForDeploymentPostprocessing = 0;
		};
/* End PBXFrameworksBuildPhase section */

/* Begin PBXGroup section */
		188B8B581D884ED000A45DC1 /* View */ = {
			isa = PBXGroup;
			children = (
				188B8B591D884F0200A45DC1 /* GLButton.h */,
				188B8B5A1D884F0200A45DC1 /* GLButton.m */,
				188F2F391D8EA35700F17DC7 /* GLWhiteButton.h */,
				188F2F3A1D8EA35700F17DC7 /* GLWhiteButton.m */,
				188F2F3C1D8EA81F00F17DC7 /* GLtextField.h */,
				188F2F3D1D8EA81F00F17DC7 /* GLtextField.m */,
			);
			name = View;
			sourceTree = "<group>";
		};
		188B8B5C1D885EEB00A45DC1 /* home */ = {
			isa = PBXGroup;
			children = (
				18DCBCA31D7E828F0065A7EF /* Controller */,
				188B8B581D884ED000A45DC1 /* View */,
			);
			name = home;
			sourceTree = "<group>";
		};
		188B8B5D1D885F0000A45DC1 /* setting */ = {
			isa = PBXGroup;
			children = (
				18226CB61D7E8CA400234092 /* FirstViewController.h */,
				18226CB71D7E8CA400234092 /* FirstViewController.m */,
				18226CC81D7ED55E00234092 /* FirstViewController.xib */,
			);
			name = setting;
			sourceTree = "<group>";
		};
		188B8B5E1D885F1800A45DC1 /* qxSetting */ = {
			isa = PBXGroup;
			children = (
				18226CBF1D7E8D1700234092 /* SecondViewController.h */,
				18226CC01D7E8D1700234092 /* SecondViewController.m */,
				18C80A371D7F0A7000867E39 /* SecondViewController.xib */,
			);
			name = qxSetting;
			sourceTree = "<group>";
		};
		188B8B5F1D885F4600A45DC1 /* review */ = {
			isa = PBXGroup;
			children = (
				18226CC21D7EB4A600234092 /* ThirdViewController.h */,
				18226CC31D7EB4A600234092 /* ThirdViewController.m */,
				18C80A3B1D7F115900867E39 /* ThirdViewController.xib */,
			);
			name = review;
			sourceTree = "<group>";
		};
		188B8B601D885F6400A45DC1 /* about */ = {
			isa = PBXGroup;
			children = (
				18226CC51D7EC86E00234092 /* FourthViewController.h */,
				18226CC61D7EC86E00234092 /* FourthViewController.m */,
				18C80A391D7F112B00867E39 /* FourthViewController.xib */,
			);
			name = about;
			sourceTree = "<group>";
		};
		18911A561D8E761700643CEE /* addcamera */ = {
			isa = PBXGroup;
			children = (
				186324F61D8FE0D800BDA274 /* LXDScanCodeController.h */,
				186324F71D8FE0D800BDA274 /* LXDScanCodeController.m */,
				186324F81D8FE0D800BDA274 /* LXDScanView.h */,
				186324F91D8FE0D800BDA274 /* LXDScanView.m */,
				18911A571D8E764A00643CEE /* AddCameraViewController.h */,
				18911A581D8E764A00643CEE /* AddCameraViewController.m */,
				18911A591D8E764A00643CEE /* AddCameraViewController.xib */,
			);
			name = addcamera;
			sourceTree = "<group>";
		};
		18DCBCA31D7E828F0065A7EF /* Controller */ = {
			isa = PBXGroup;
			children = (
				18226CBC1D7E8CF500234092 /* LeftMenuViewController.h */,
				18226CBD1D7E8CF500234092 /* LeftMenuViewController.m */,
				18DDA1691D855E7A00066A7D /* HomeViewController.h */,
				18DDA16A1D855E7A00066A7D /* HomeViewController.m */,
			);
			name = Controller;
			sourceTree = "<group>";
		};
		18DDA16E1D85AE7000066A7D /* main */ = {
			isa = PBXGroup;
			children = (
				18911A561D8E761700643CEE /* addcamera */,
				188B8B601D885F6400A45DC1 /* about */,
				188B8B5F1D885F4600A45DC1 /* review */,
				188B8B5E1D885F1800A45DC1 /* qxSetting */,
				188B8B5D1D885F0000A45DC1 /* setting */,
				188B8B5C1D885EEB00A45DC1 /* home */,
			);
			name = main;
			sourceTree = "<group>";
		};
		18DDA16F1D85AE8500066A7D /* LoginAndRegister */ = {
			isa = PBXGroup;
			children = (
				18DDA1F21D85BEAF00066A7D /* Extension */,
				18DDA1FB1D85BEAF00066A7D /* Login(登录) */,
				18DDA2021D85BEAF00066A7D /* LoginClass */,
			);
			name = LoginAndRegister;
			sourceTree = "<group>";
		};
		18DDA1F21D85BEAF00066A7D /* Extension */ = {
			isa = PBXGroup;
			children = (
				18DDA1F31D85BEAF00066A7D /* UIButton+Extension.h */,
				18DDA1F41D85BEAF00066A7D /* UIButton+Extension.m */,
				18DDA1F51D85BEAF00066A7D /* UIImageView+Extension.h */,
				18DDA1F61D85BEAF00066A7D /* UIImageView+Extension.m */,
				18DDA1F71D85BEAF00066A7D /* UILabel+Extension.h */,
				18DDA1F81D85BEAF00066A7D /* UILabel+Extension.m */,
				18DDA1F91D85BEAF00066A7D /* UITextField+Extension.h */,
				18DDA1FA1D85BEAF00066A7D /* UITextField+Extension.m */,
			);
			path = Extension;
			sourceTree = "<group>";
		};
		18DDA1FB1D85BEAF00066A7D /* Login(登录) */ = {
			isa = PBXGroup;
			children = (
				18DDA1FC1D85BEAF00066A7D /* ForgetPassWordVCNew.h */,
				18DDA1FD1D85BEAF00066A7D /* ForgetPassWordVCNew.m */,
				18DDA1FE1D85BEAF00066A7D /* LoginVCNew.h */,
				18DDA1FF1D85BEAF00066A7D /* LoginVCNew.m */,
				18DDA2001D85BEAF00066A7D /* RegisterVCNew.h */,
				18DDA2011D85BEAF00066A7D /* RegisterVCNew.m */,
				186324FC1D9019E400BDA274 /* LoginVC.h */,
				186324FD1D9019E400BDA274 /* LoginVC.m */,
				186324FE1D9019E400BDA274 /* LoginVC.xib */,
				186325011D9019FA00BDA274 /* RegisterVC.h */,
				186325021D9019FA00BDA274 /* RegisterVC.m */,
				186325031D9019FA00BDA274 /* RegisterVC.xib */,
				186325061D901A1700BDA274 /* ForgetPwdVC.h */,
				186325071D901A1700BDA274 /* ForgetPwdVC.m */,
				186325081D901A1700BDA274 /* ForgetPwdVC.xib */,
			);
			path = "Login(登录)";
			sourceTree = "<group>";
		};
		18DDA2021D85BEAF00066A7D /* LoginClass */ = {
			isa = PBXGroup;
			children = (
				18DDA2031D85BEAF00066A7D /* FormValidator.h */,
				18DDA2041D85BEAF00066A7D /* FormValidator.m */,
				18DDA2051D85BEAF00066A7D /* SHInvoker.h */,
				18DDA2061D85BEAF00066A7D /* SHInvoker.m */,
			);
			path = LoginClass;
			sourceTree = "<group>";
		};
		18DDA2151D85CA7E00066A7D /* launch */ = {
			isa = PBXGroup;
			children = (
				18DDA2161D85CAA400066A7D /* ZLScrolling.h */,
				18DDA2171D85CAA400066A7D /* ZLScrolling.m */,
				18DDA2121D85C9F000066A7D /* LaunchViewController.h */,
				18DDA2131D85C9F000066A7D /* LaunchViewController.m */,
			);
			name = launch;
			sourceTree = "<group>";
		};
		18EF73B71D7DBCB200115966 = {
			isa = PBXGroup;
			children = (
				18EF73C21D7DBCB200115966 /* WokanZX */,
				18EF73DC1D7DBCB200115966 /* WokanZXTests */,
				18EF73E71D7DBCB300115966 /* WokanZXUITests */,
				18EF73C11D7DBCB200115966 /* Products */,
				B2B0F13301387B2F6D351A87 /* Pods */,
				CF92EFF4C178F066000A8F90 /* Frameworks */,
			);
			sourceTree = "<group>";
		};
		18EF73C11D7DBCB200115966 /* Products */ = {
			isa = PBXGroup;
			children = (
				18EF73C01D7DBCB200115966 /* WokanZX.app */,
				18EF73D91D7DBCB200115966 /* WokanZXTests.xctest */,
				18EF73E41D7DBCB300115966 /* WokanZXUITests.xctest */,
			);
			name = Products;
			sourceTree = "<group>";
		};
		18EF73C21D7DBCB200115966 /* WokanZX */ = {
			isa = PBXGroup;
			children = (
				18DDA2151D85CA7E00066A7D /* launch */,
				18DDA16F1D85AE8500066A7D /* LoginAndRegister */,
				18DDA16E1D85AE7000066A7D /* main */,
				18EF73C61D7DBCB200115966 /* AppDelegate.h */,
				18EF73C71D7DBCB200115966 /* AppDelegate.m */,
				18EF73CF1D7DBCB200115966 /* Assets.xcassets */,
				18EF73D41D7DBCB200115966 /* Info.plist */,
				18EF73C31D7DBCB200115966 /* Supporting Files */,
			);
			path = WokanZX;
			sourceTree = "<group>";
		};
		18EF73C31D7DBCB200115966 /* Supporting Files */ = {
			isa = PBXGroup;
			children = (
				18EF73C41D7DBCB200115966 /* main.m */,
				18DDA2111D85C00E00066A7D /* PrefixHeader.pch */,
			);
			name = "Supporting Files";
			sourceTree = "<group>";
		};
		18EF73DC1D7DBCB200115966 /* WokanZXTests */ = {
			isa = PBXGroup;
			children = (
				18EF73DD1D7DBCB200115966 /* WokanZXTests.m */,
				18EF73DF1D7DBCB200115966 /* Info.plist */,
			);
			path = WokanZXTests;
			sourceTree = "<group>";
		};
		18EF73E71D7DBCB300115966 /* WokanZXUITests */ = {
			isa = PBXGroup;
			children = (
				18EF73E81D7DBCB300115966 /* WokanZXUITests.m */,
				18EF73EA1D7DBCB300115966 /* Info.plist */,
			);
			path = WokanZXUITests;
			sourceTree = "<group>";
		};
		B2B0F13301387B2F6D351A87 /* Pods */ = {
			isa = PBXGroup;
			children = (
				BBF197D9F55EAC62E7F59F87 /* Pods-WokanZX.debug.xcconfig */,
				A24C28EC4E1E21651D642658 /* Pods-WokanZX.release.xcconfig */,
			);
			name = Pods;
			sourceTree = "<group>";
		};
		CF92EFF4C178F066000A8F90 /* Frameworks */ = {
			isa = PBXGroup;
			children = (
				00F487D4E4A4238D82A9A0E9 /* libPods-WokanZX.a */,
			);
			name = Frameworks;
			sourceTree = "<group>";
		};
/* End PBXGroup section */

/* Begin PBXNativeTarget section */
		18EF73BF1D7DBCB200115966 /* WokanZX */ = {
			isa = PBXNativeTarget;
			buildConfigurationList = 18EF73ED1D7DBCB300115966 /* Build configuration list for PBXNativeTarget "WokanZX" */;
			buildPhases = (
				867959F5F5BC266A5F368987 /* [CP] Check Pods Manifest.lock */,
				18EF73BC1D7DBCB200115966 /* Sources */,
				18EF73BD1D7DBCB200115966 /* Frameworks */,
				18EF73BE1D7DBCB200115966 /* Resources */,
				A99F34612071E472F26B21CB /* [CP] Embed Pods Frameworks */,
				8D844A549048C94EDD4C5F02 /* [CP] Copy Pods Resources */,
			);
			buildRules = (
			);
			dependencies = (
			);
			name = WokanZX;
			productName = WokanZX;
			productReference = 18EF73C01D7DBCB200115966 /* WokanZX.app */;
			productType = "com.apple.product-type.application";
		};
		18EF73D81D7DBCB200115966 /* WokanZXTests */ = {
			isa = PBXNativeTarget;
			buildConfigurationList = 18EF73F01D7DBCB300115966 /* Build configuration list for PBXNativeTarget "WokanZXTests" */;
			buildPhases = (
				18EF73D51D7DBCB200115966 /* Sources */,
				18EF73D61D7DBCB200115966 /* Frameworks */,
				18EF73D71D7DBCB200115966 /* Resources */,
			);
			buildRules = (
			);
			dependencies = (
				18EF73DB1D7DBCB200115966 /* PBXTargetDependency */,
			);
			name = WokanZXTests;
			productName = WokanZXTests;
			productReference = 18EF73D91D7DBCB200115966 /* WokanZXTests.xctest */;
			productType = "com.apple.product-type.bundle.unit-test";
		};
		18EF73E31D7DBCB300115966 /* WokanZXUITests */ = {
			isa = PBXNativeTarget;
			buildConfigurationList = 18EF73F31D7DBCB300115966 /* Build configuration list for PBXNativeTarget "WokanZXUITests" */;
			buildPhases = (
				18EF73E01D7DBCB300115966 /* Sources */,
				18EF73E11D7DBCB300115966 /* Frameworks */,
				18EF73E21D7DBCB300115966 /* Resources */,
			);
			buildRules = (
			);
			dependencies = (
				18EF73E61D7DBCB300115966 /* PBXTargetDependency */,
			);
			name = WokanZXUITests;
			productName = WokanZXUITests;
			productReference = 18EF73E41D7DBCB300115966 /* WokanZXUITests.xctest */;
			productType = "com.apple.product-type.bundle.ui-testing";
		};
/* End PBXNativeTarget section */

/* Begin PBXProject section */
		18EF73B81D7DBCB200115966 /* Project object */ = {
			isa = PBXProject;
			attributes = {
				LastUpgradeCheck = 0730;
				ORGANIZATIONNAME = Lucccc;
				TargetAttributes = {
					18EF73BF1D7DBCB200115966 = {
						CreatedOnToolsVersion = 7.3.1;
						DevelopmentTeam = FZ23HPHX7F;
					};
					18EF73D81D7DBCB200115966 = {
						CreatedOnToolsVersion = 7.3.1;
						DevelopmentTeam = FZ23HPHX7F;
						TestTargetID = 18EF73BF1D7DBCB200115966;
					};
					18EF73E31D7DBCB300115966 = {
						CreatedOnToolsVersion = 7.3.1;
						DevelopmentTeam = FZ23HPHX7F;
						TestTargetID = 18EF73BF1D7DBCB200115966;
					};
				};
			};
			buildConfigurationList = 18EF73BB1D7DBCB200115966 /* Build configuration list for PBXProject "WokanZX" */;
			compatibilityVersion = "Xcode 3.2";
			developmentRegion = English;
			hasScannedForEncodings = 0;
			knownRegions = (
				en,
				Base,
			);
			mainGroup = 18EF73B71D7DBCB200115966;
			productRefGroup = 18EF73C11D7DBCB200115966 /* Products */;
			projectDirPath = "";
			projectRoot = "";
			targets = (
				18EF73BF1D7DBCB200115966 /* WokanZX */,
				18EF73D81D7DBCB200115966 /* WokanZXTests */,
				18EF73E31D7DBCB300115966 /* WokanZXUITests */,
			);
		};
/* End PBXProject section */

/* Begin PBXResourcesBuildPhase section */
		18EF73BE1D7DBCB200115966 /* Resources */ = {
			isa = PBXResourcesBuildPhase;
			buildActionMask = 2147483647;
			files = (
				186325001D9019E400BDA274 /* LoginVC.xib in Resources */,
				18C80A3C1D7F115900867E39 /* ThirdViewController.xib in Resources */,
				18EF73D01D7DBCB200115966 /* Assets.xcassets in Resources */,
				18226CC91D7ED55E00234092 /* FirstViewController.xib in Resources */,
				1863250A1D901A1700BDA274 /* ForgetPwdVC.xib in Resources */,
				18C80A3A1D7F112B00867E39 /* FourthViewController.xib in Resources */,
				186325051D9019FA00BDA274 /* RegisterVC.xib in Resources */,
				18C80A381D7F0A7000867E39 /* SecondViewController.xib in Resources */,
				18911A5B1D8E764A00643CEE /* AddCameraViewController.xib in Resources */,
			);
			runOnlyForDeploymentPostprocessing = 0;
		};
		18EF73D71D7DBCB200115966 /* Resources */ = {
			isa = PBXResourcesBuildPhase;
			buildActionMask = 2147483647;
			files = (
			);
			runOnlyForDeploymentPostprocessing = 0;
		};
		18EF73E21D7DBCB300115966 /* Resources */ = {
			isa = PBXResourcesBuildPhase;
			buildActionMask = 2147483647;
			files = (
			);
			runOnlyForDeploymentPostprocessing = 0;
		};
/* End PBXResourcesBuildPhase section */

/* Begin PBXShellScriptBuildPhase section */
		867959F5F5BC266A5F368987 /* [CP] Check Pods Manifest.lock */ = {
			isa = PBXShellScriptBuildPhase;
			buildActionMask = 2147483647;
			files = (
			);
			inputPaths = (
			);
			name = "[CP] Check Pods Manifest.lock";
			outputPaths = (
			);
			runOnlyForDeploymentPostprocessing = 0;
			shellPath = /bin/sh;
			shellScript = "diff \"${PODS_ROOT}/../Podfile.lock\" \"${PODS_ROOT}/Manifest.lock\" > /dev/null\nif [[ $? != 0 ]] ; then\n    cat << EOM\nerror: The sandbox is not in sync with the Podfile.lock. Run 'pod install' or update your CocoaPods installation.\nEOM\n    exit 1\nfi\n";
			showEnvVarsInLog = 0;
		};
		8D844A549048C94EDD4C5F02 /* [CP] Copy Pods Resources */ = {
			isa = PBXShellScriptBuildPhase;
			buildActionMask = 2147483647;
			files = (
			);
			inputPaths = (
			);
			name = "[CP] Copy Pods Resources";
			outputPaths = (
			);
			runOnlyForDeploymentPostprocessing = 0;
			shellPath = /bin/sh;
			shellScript = "\"${SRCROOT}/Pods/Target Support Files/Pods-WokanZX/Pods-WokanZX-resources.sh\"\n";
			showEnvVarsInLog = 0;
		};
		A99F34612071E472F26B21CB /* [CP] Embed Pods Frameworks */ = {
			isa = PBXShellScriptBuildPhase;
			buildActionMask = 2147483647;
			files = (
			);
			inputPaths = (
			);
			name = "[CP] Embed Pods Frameworks";
			outputPaths = (
			);
			runOnlyForDeploymentPostprocessing = 0;
			shellPath = /bin/sh;
			shellScript = "\"${SRCROOT}/Pods/Target Support Files/Pods-WokanZX/Pods-WokanZX-frameworks.sh\"\n";
			showEnvVarsInLog = 0;
		};
/* End PBXShellScriptBuildPhase section */

/* Begin PBXSourcesBuildPhase section */
		18EF73BC1D7DBCB200115966 /* Sources */ = {
			isa = PBXSourcesBuildPhase;
			buildActionMask = 2147483647;
			files = (
				18DDA2181D85CAA400066A7D /* ZLScrolling.m in Sources */,
				18226CC11D7E8D1700234092 /* SecondViewController.m in Sources */,
				18DDA20C1D85BEAF00066A7D /* LoginVCNew.m in Sources */,
				18EF73C81D7DBCB200115966 /* AppDelegate.m in Sources */,
				18226CC41D7EB4A600234092 /* ThirdViewController.m in Sources */,
				18DDA20F1D85BEAF00066A7D /* SHInvoker.m in Sources */,
				186324FA1D8FE0D800BDA274 /* LXDScanCodeController.m in Sources */,
				18DDA20E1D85BEAF00066A7D /* FormValidator.m in Sources */,
				18DDA20D1D85BEAF00066A7D /* RegisterVCNew.m in Sources */,
				18226CB81D7E8CA400234092 /* FirstViewController.m in Sources */,
				18DDA2081D85BEAF00066A7D /* UIImageView+Extension.m in Sources */,
				188F2F3E1D8EA81F00F17DC7 /* GLtextField.m in Sources */,
				18DDA20A1D85BEAF00066A7D /* UITextField+Extension.m in Sources */,
				18226CBE1D7E8CF500234092 /* LeftMenuViewController.m in Sources */,
				186324FF1D9019E400BDA274 /* LoginVC.m in Sources */,
				186325041D9019FA00BDA274 /* RegisterVC.m in Sources */,
				188B8B5B1D884F0200A45DC1 /* GLButton.m in Sources */,
				18DDA2141D85C9F000066A7D /* LaunchViewController.m in Sources */,
				188F2F3B1D8EA35700F17DC7 /* GLWhiteButton.m in Sources */,
				18226CC71D7EC86E00234092 /* FourthViewController.m in Sources */,
				18EF73C51D7DBCB200115966 /* main.m in Sources */,
				18DDA20B1D85BEAF00066A7D /* ForgetPassWordVCNew.m in Sources */,
				186324FB1D8FE0D800BDA274 /* LXDScanView.m in Sources */,
				18911A5A1D8E764A00643CEE /* AddCameraViewController.m in Sources */,
				18DDA2071D85BEAF00066A7D /* UIButton+Extension.m in Sources */,
				18DDA16C1D855E7A00066A7D /* HomeViewController.m in Sources */,
				18DDA2091D85BEAF00066A7D /* UILabel+Extension.m in Sources */,
				186325091D901A1700BDA274 /* ForgetPwdVC.m in Sources */,
			);
			runOnlyForDeploymentPostprocessing = 0;
		};
		18EF73D51D7DBCB200115966 /* Sources */ = {
			isa = PBXSourcesBuildPhase;
			buildActionMask = 2147483647;
			files = (
				18EF73DE1D7DBCB200115966 /* WokanZXTests.m in Sources */,
			);
			runOnlyForDeploymentPostprocessing = 0;
		};
		18EF73E01D7DBCB300115966 /* Sources */ = {
			isa = PBXSourcesBuildPhase;
			buildActionMask = 2147483647;
			files = (
				18EF73E91D7DBCB300115966 /* WokanZXUITests.m in Sources */,
			);
			runOnlyForDeploymentPostprocessing = 0;
		};
/* End PBXSourcesBuildPhase section */

/* Begin PBXTargetDependency section */
		18EF73DB1D7DBCB200115966 /* PBXTargetDependency */ = {
			isa = PBXTargetDependency;
			target = 18EF73BF1D7DBCB200115966 /* WokanZX */;
			targetProxy = 18EF73DA1D7DBCB200115966 /* PBXContainerItemProxy */;
		};
		18EF73E61D7DBCB300115966 /* PBXTargetDependency */ = {
			isa = PBXTargetDependency;
			target = 18EF73BF1D7DBCB200115966 /* WokanZX */;
			targetProxy = 18EF73E51D7DBCB300115966 /* PBXContainerItemProxy */;
		};
/* End PBXTargetDependency section */

/* Begin XCBuildConfiguration section */
		18EF73EB1D7DBCB300115966 /* Debug */ = {
			isa = XCBuildConfiguration;
			buildSettings = {
				ALWAYS_SEARCH_USER_PATHS = NO;
				CLANG_ANALYZER_NONNULL = YES;
				CLANG_CXX_LANGUAGE_STANDARD = "gnu++0x";
				CLANG_CXX_LIBRARY = "libc++";
				CLANG_ENABLE_MODULES = YES;
				CLANG_ENABLE_OBJC_ARC = YES;
				CLANG_WARN_BOOL_CONVERSION = YES;
				CLANG_WARN_CONSTANT_CONVERSION = YES;
				CLANG_WARN_DIRECT_OBJC_ISA_USAGE = YES_ERROR;
				CLANG_WARN_EMPTY_BODY = YES;
				CLANG_WARN_ENUM_CONVERSION = YES;
				CLANG_WARN_INT_CONVERSION = YES;
				CLANG_WARN_OBJC_ROOT_CLASS = YES_ERROR;
				CLANG_WARN_UNREACHABLE_CODE = YES;
				CLANG_WARN__DUPLICATE_METHOD_MATCH = YES;
				"CODE_SIGN_IDENTITY[sdk=iphoneos*]" = "iPhone Developer";
				COPY_PHASE_STRIP = NO;
				DEBUG_INFORMATION_FORMAT = dwarf;
				ENABLE_STRICT_OBJC_MSGSEND = YES;
				ENABLE_TESTABILITY = YES;
				GCC_C_LANGUAGE_STANDARD = gnu99;
				GCC_DYNAMIC_NO_PIC = NO;
				GCC_NO_COMMON_BLOCKS = YES;
				GCC_OPTIMIZATION_LEVEL = 0;
				GCC_PREPROCESSOR_DEFINITIONS = (
					"DEBUG=1",
					"$(inherited)",
				);
				GCC_WARN_64_TO_32_BIT_CONVERSION = YES;
				GCC_WARN_ABOUT_RETURN_TYPE = YES_ERROR;
				GCC_WARN_UNDECLARED_SELECTOR = YES;
				GCC_WARN_UNINITIALIZED_AUTOS = YES_AGGRESSIVE;
				GCC_WARN_UNUSED_FUNCTION = YES;
				GCC_WARN_UNUSED_VARIABLE = YES;
				IPHONEOS_DEPLOYMENT_TARGET = 9.3;
				MTL_ENABLE_DEBUG_INFO = YES;
				ONLY_ACTIVE_ARCH = YES;
				SDKROOT = iphoneos;
			};
			name = Debug;
		};
		18EF73EC1D7DBCB300115966 /* Release */ = {
			isa = XCBuildConfiguration;
			buildSettings = {
				ALWAYS_SEARCH_USER_PATHS = NO;
				CLANG_ANALYZER_NONNULL = YES;
				CLANG_CXX_LANGUAGE_STANDARD = "gnu++0x";
				CLANG_CXX_LIBRARY = "libc++";
				CLANG_ENABLE_MODULES = YES;
				CLANG_ENABLE_OBJC_ARC = YES;
				CLANG_WARN_BOOL_CONVERSION = YES;
				CLANG_WARN_CONSTANT_CONVERSION = YES;
				CLANG_WARN_DIRECT_OBJC_ISA_USAGE = YES_ERROR;
				CLANG_WARN_EMPTY_BODY = YES;
				CLANG_WARN_ENUM_CONVERSION = YES;
				CLANG_WARN_INT_CONVERSION = YES;
				CLANG_WARN_OBJC_ROOT_CLASS = YES_ERROR;
				CLANG_WARN_UNREACHABLE_CODE = YES;
				CLANG_WARN__DUPLICATE_METHOD_MATCH = YES;
				"CODE_SIGN_IDENTITY[sdk=iphoneos*]" = "iPhone Developer";
				COPY_PHASE_STRIP = NO;
				DEBUG_INFORMATION_FORMAT = "dwarf-with-dsym";
				ENABLE_NS_ASSERTIONS = NO;
				ENABLE_STRICT_OBJC_MSGSEND = YES;
				GCC_C_LANGUAGE_STANDARD = gnu99;
				GCC_NO_COMMON_BLOCKS = YES;
				GCC_WARN_64_TO_32_BIT_CONVERSION = YES;
				GCC_WARN_ABOUT_RETURN_TYPE = YES_ERROR;
				GCC_WARN_UNDECLARED_SELECTOR = YES;
				GCC_WARN_UNINITIALIZED_AUTOS = YES_AGGRESSIVE;
				GCC_WARN_UNUSED_FUNCTION = YES;
				GCC_WARN_UNUSED_VARIABLE = YES;
				IPHONEOS_DEPLOYMENT_TARGET = 9.3;
				MTL_ENABLE_DEBUG_INFO = NO;
				SDKROOT = iphoneos;
				VALIDATE_PRODUCT = YES;
			};
			name = Release;
		};
		18EF73EE1D7DBCB300115966 /* Debug */ = {
			isa = XCBuildConfiguration;
			baseConfigurationReference = BBF197D9F55EAC62E7F59F87 /* Pods-WokanZX.debug.xcconfig */;
			buildSettings = {
				ASSETCATALOG_COMPILER_APPICON_NAME = AppIcon;
				CODE_SIGN_IDENTITY = "iPhone Developer";
				"CODE_SIGN_IDENTITY[sdk=iphoneos*]" = "iPhone Developer";
				GCC_INCREASE_PRECOMPILED_HEADER_SHARING = YES;
				GCC_PRECOMPILE_PREFIX_HEADER = YES;
				GCC_PREFIX_HEADER = WokanZX/PrefixHeader.pch;
				INFOPLIST_FILE = WokanZX/Info.plist;
				LD_RUNPATH_SEARCH_PATHS = "$(inherited) @executable_path/Frameworks";
				PRODUCT_BUNDLE_IDENTIFIER = luc.WokanZX;
				PRODUCT_NAME = "$(TARGET_NAME)";
				PROVISIONING_PROFILE = "";
			};
			name = Debug;
		};
		18EF73EF1D7DBCB300115966 /* Release */ = {
			isa = XCBuildConfiguration;
			baseConfigurationReference = A24C28EC4E1E21651D642658 /* Pods-WokanZX.release.xcconfig */;
			buildSettings = {
				ASSETCATALOG_COMPILER_APPICON_NAME = AppIcon;
				CODE_SIGN_IDENTITY = "iPhone Developer";
				"CODE_SIGN_IDENTITY[sdk=iphoneos*]" = "iPhone Developer";
				GCC_INCREASE_PRECOMPILED_HEADER_SHARING = YES;
				GCC_PRECOMPILE_PREFIX_HEADER = YES;
				GCC_PREFIX_HEADER = WokanZX/PrefixHeader.pch;
				INFOPLIST_FILE = WokanZX/Info.plist;
				LD_RUNPATH_SEARCH_PATHS = "$(inherited) @executable_path/Frameworks";
				PRODUCT_BUNDLE_IDENTIFIER = luc.WokanZX;
				PRODUCT_NAME = "$(TARGET_NAME)";
				PROVISIONING_PROFILE = "";
			};
			name = Release;
		};
		18EF73F11D7DBCB300115966 /* Debug */ = {
			isa = XCBuildConfiguration;
			buildSettings = {
				BUNDLE_LOADER = "$(TEST_HOST)";
				INFOPLIST_FILE = WokanZXTests/Info.plist;
				LD_RUNPATH_SEARCH_PATHS = "$(inherited) @executable_path/Frameworks @loader_path/Frameworks";
				PRODUCT_BUNDLE_IDENTIFIER = luc.WokanZXTests;
				PRODUCT_NAME = "$(TARGET_NAME)";
				TEST_HOST = "$(BUILT_PRODUCTS_DIR)/WokanZX.app/WokanZX";
			};
			name = Debug;
		};
		18EF73F21D7DBCB300115966 /* Release */ = {
			isa = XCBuildConfiguration;
			buildSettings = {
				BUNDLE_LOADER = "$(TEST_HOST)";
				INFOPLIST_FILE = WokanZXTests/Info.plist;
				LD_RUNPATH_SEARCH_PATHS = "$(inherited) @executable_path/Frameworks @loader_path/Frameworks";
				PRODUCT_BUNDLE_IDENTIFIER = luc.WokanZXTests;
				PRODUCT_NAME = "$(TARGET_NAME)";
				TEST_HOST = "$(BUILT_PRODUCTS_DIR)/WokanZX.app/WokanZX";
			};
			name = Release;
		};
		18EF73F41D7DBCB300115966 /* Debug */ = {
			isa = XCBuildConfiguration;
			buildSettings = {
				INFOPLIST_FILE = WokanZXUITests/Info.plist;
				LD_RUNPATH_SEARCH_PATHS = "$(inherited) @executable_path/Frameworks @loader_path/Frameworks";
				PRODUCT_BUNDLE_IDENTIFIER = luc.WokanZXUITests;
				PRODUCT_NAME = "$(TARGET_NAME)";
				TEST_TARGET_NAME = WokanZX;
			};
			name = Debug;
		};
		18EF73F51D7DBCB300115966 /* Release */ = {
			isa = XCBuildConfiguration;
			buildSettings = {
				INFOPLIST_FILE = WokanZXUITests/Info.plist;
				LD_RUNPATH_SEARCH_PATHS = "$(inherited) @executable_path/Frameworks @loader_path/Frameworks";
				PRODUCT_BUNDLE_IDENTIFIER = luc.WokanZXUITests;
				PRODUCT_NAME = "$(TARGET_NAME)";
				TEST_TARGET_NAME = WokanZX;
			};
			name = Release;
		};
/* End XCBuildConfiguration section */

/* Begin XCConfigurationList section */
		18EF73BB1D7DBCB200115966 /* Build configuration list for PBXProject "WokanZX" */ = {
			isa = XCConfigurationList;
			buildConfigurations = (
				18EF73EB1D7DBCB300115966 /* Debug */,
				18EF73EC1D7DBCB300115966 /* Release */,
			);
			defaultConfigurationIsVisible = 0;
			defaultConfigurationName = Release;
		};
		18EF73ED1D7DBCB300115966 /* Build configuration list for PBXNativeTarget "WokanZX" */ = {
			isa = XCConfigurationList;
			buildConfigurations = (
				18EF73EE1D7DBCB300115966 /* Debug */,
				18EF73EF1D7DBCB300115966 /* Release */,
			);
			defaultConfigurationIsVisible = 0;
			defaultConfigurationName = Release;
		};
		18EF73F01D7DBCB300115966 /* Build configuration list for PBXNativeTarget "WokanZXTests" */ = {
			isa = XCConfigurationList;
			buildConfigurations = (
				18EF73F11D7DBCB300115966 /* Debug */,
				18EF73F21D7DBCB300115966 /* Release */,
			);
			defaultConfigurationIsVisible = 0;
			defaultConfigurationName = Release;
		};
		18EF73F31D7DBCB300115966 /* Build configuration list for PBXNativeTarget "WokanZXUITests" */ = {
			isa = XCConfigurationList;
			buildConfigurations = (
				18EF73F41D7DBCB300115966 /* Debug */,
				18EF73F51D7DBCB300115966 /* Release */,
			);
			defaultConfigurationIsVisible = 0;
			defaultConfigurationName = Release;
		};
/* End XCConfigurationList section */
	};
	rootObject = 18EF73B81D7DBCB200115966 /* Project object */;
}
